
Microsoft Visual Studio Solution File, Format Version 12.00
# Visual Studio Version 17
VisualStudioVersion = 17.5.33516.290
MinimumVisualStudioVersion = 10.0.40219.1
Project("{FAE04EC0-301F-11D3-BF4B-00C04F79EFBC}") = "ConsoleApp1", "ConsoleApp1\ConsoleApp1.csproj", "{CE75A7DC-E216-412D-AC92-5B1BFF84B095}"
EndProject
Global
	GlobalSection(SolutionConfigurationPlatforms) = preSolution
		Debug|Any CPU = Debug|Any CPU
		Release|Any CPU = Release|Any CPU
	EndGlobalSection
	GlobalSection(ProjectConfigurationPlatforms) = postSolution
		{CE75A7DC-E216-412D-AC92-5B1BFF84B095}.Debug|Any CPU.ActiveCfg = Debug|Any CPU
		{CE75A7DC-E216-412D-AC92-5B1BFF84B095}.Debug|Any CPU.Build.0 = Debug|Any CPU
		{CE75A7DC-E216-412D-AC92-5B1BFF84B095}.Release|Any CPU.ActiveCfg = Release|Any CPU
		{CE75A7DC-E216-412D-AC92-5B1BFF84B095}.Release|Any CPU.Build.0 = Release|Any CPU
	EndGlobalSection
	GlobalSection(SolutionProperties) = preSolution
		HideSolutionNode = FALSE
	EndGlobalSection
	GlobalSection(ExtensibilityGlobals) = postSolution
		SolutionGuid = {10167F24-055D-43AF-96A4-6CB1F02761A2}
	EndGlobalSection
EndGlobal
